
Microsoft Visual Studio Solution File, Format Version 12.00
# Visual Studio Version 17
VisualStudioVersion = 17.2.32505.173
MinimumVisualStudioVersion = 10.0.40219.1
Project("{FAE04EC0-301F-11D3-BF4B-00C04F79EFBC}") = "Quieres ser mi novia", "Quieres ser mi novia\Quieres ser mi novia.csproj", "{A585B39D-E654-408A-A3D0-F2F996381450}"
EndProject
Global
	GlobalSection(SolutionConfigurationPlatforms) = preSolution
		Debug|Any CPU = Debug|Any CPU
		Release|Any CPU = Release|Any CPU
	EndGlobalSection
	GlobalSection(ProjectConfigurationPlatforms) = postSolution
		{A585B39D-E654-408A-A3D0-F2F996381450}.Debug|Any CPU.ActiveCfg = Debug|Any CPU
		{A585B39D-E654-408A-A3D0-F2F996381450}.Debug|Any CPU.Build.0 = Debug|Any CPU
		{A585B39D-E654-408A-A3D0-F2F996381450}.Release|Any CPU.ActiveCfg = Release|Any CPU
		{A585B39D-E654-408A-A3D0-F2F996381450}.Release|Any CPU.Build.0 = Release|Any CPU
	EndGlobalSection
	GlobalSection(SolutionProperties) = preSolution
		HideSolutionNode = FALSE
	EndGlobalSection
	GlobalSection(ExtensibilityGlobals) = postSolution
		SolutionGuid = {E593D655-C196-48E3-B037-146383DC1ED8}
	EndGlobalSection
EndGlobal
